// !$*UTF8*$!
{
	archiveVersion = 1;
	classes = {
	};
	objectVersion = 56;
	objects = {

/* Begin PBXBuildFile section */
		9E0000F12BECAB63007C06DB /* LongLivingEffect.swift in Sources */ = {isa = PBXBuildFile; fileRef = 9E0000F02BECAB63007C06DB /* LongLivingEffect.swift */; };
		9E0000F32BECAEDB007C06DB /* Refreshable.swift in Sources */ = {isa = PBXBuildFile; fileRef = 9E0000F22BECAEDB007C06DB /* Refreshable.swift */; };
		9E0000F52BECB585007C06DB /* Timers.swift in Sources */ = {isa = PBXBuildFile; fileRef = 9E0000F42BECB585007C06DB /* Timers.swift */; };
		9E1DD9382BE1D83200DFC177 /* MultipleDestination.swift in Sources */ = {isa = PBXBuildFile; fileRef = 9E1DD9372BE1D83200DFC177 /* MultipleDestination.swift */; };
		9E1DD93A2BE1DC8C00DFC177 /* NavigationStack.swift in Sources */ = {isa = PBXBuildFile; fileRef = 9E1DD9392BE1DC8C00DFC177 /* NavigationStack.swift */; };
		9E4473EC2BE095770028DD5B /* BindingsBasic.swift in Sources */ = {isa = PBXBuildFile; fileRef = 9E4473EB2BE095770028DD5B /* BindingsBasic.swift */; };
		9E4473EE2BE098AE0028DD5B /* BindingsForm.swift in Sources */ = {isa = PBXBuildFile; fileRef = 9E4473ED2BE098AE0028DD5B /* BindingsForm.swift */; };
		9E4473F02BE09BB10028DD5B /* Counter.swift in Sources */ = {isa = PBXBuildFile; fileRef = 9E4473EF2BE09BB10028DD5B /* Counter.swift */; };
		9E4473F22BE09DBF0028DD5B /* TwoCounters.swift in Sources */ = {isa = PBXBuildFile; fileRef = 9E4473F12BE09DBF0028DD5B /* TwoCounters.swift */; };
		9E4473F42BE09FF90028DD5B /* FocusState.swift in Sources */ = {isa = PBXBuildFile; fileRef = 9E4473F32BE09FF90028DD5B /* FocusState.swift */; };
		9E4473F62BE0A5350028DD5B /* OptionalBasics.swift in Sources */ = {isa = PBXBuildFile; fileRef = 9E4473F52BE0A5350028DD5B /* OptionalBasics.swift */; };
		9E8A64932BE3162E0042E104 /* FactClient.swift in Sources */ = {isa = PBXBuildFile; fileRef = 9E8A64922BE3162E0042E104 /* FactClient.swift */; };
		9E8A64952BE322DD0042E104 /* NavigateAndLoadList.swift in Sources */ = {isa = PBXBuildFile; fileRef = 9E8A64942BE322DD0042E104 /* NavigateAndLoadList.swift */; };
		9E8A64972BE339900042E104 /* NavigateAndLoad.swift in Sources */ = {isa = PBXBuildFile; fileRef = 9E8A64962BE339900042E104 /* NavigateAndLoad.swift */; };
		9E9C9BCA2BE85867001CFF7F /* LoadThenPresent.swift in Sources */ = {isa = PBXBuildFile; fileRef = 9E9C9BC92BE85867001CFF7F /* LoadThenPresent.swift */; };
		9E9C9BCC2BE85CFF001CFF7F /* PresentAndLoad.swift in Sources */ = {isa = PBXBuildFile; fileRef = 9E9C9BCB2BE85CFF001CFF7F /* PresentAndLoad.swift */; };
		9E9C9BCF2BE86023001CFF7F /* EffectsBasics.swift in Sources */ = {isa = PBXBuildFile; fileRef = 9E9C9BCE2BE86023001CFF7F /* EffectsBasics.swift */; };
		9E9C9BD12BE86A62001CFF7F /* EffectCancellation.swift in Sources */ = {isa = PBXBuildFile; fileRef = 9E9C9BD02BE86A62001CFF7F /* EffectCancellation.swift */; };
		9EDF7F342BDD1043001A30C7 /* CaseStudiesApp.swift in Sources */ = {isa = PBXBuildFile; fileRef = 9EDF7F332BDD1043001A30C7 /* CaseStudiesApp.swift */; };
		9EDF7F362BDD1043001A30C7 /* RootView.swift in Sources */ = {isa = PBXBuildFile; fileRef = 9EDF7F352BDD1043001A30C7 /* RootView.swift */; };
		9EDF7F382BDD1045001A30C7 /* Assets.xcassets in Resources */ = {isa = PBXBuildFile; fileRef = 9EDF7F372BDD1045001A30C7 /* Assets.xcassets */; };
		9EDF7F3B2BDD1045001A30C7 /* Preview Assets.xcassets in Resources */ = {isa = PBXBuildFile; fileRef = 9EDF7F3A2BDD1045001A30C7 /* Preview Assets.xcassets */; };
		9EDF7F432BDD10E2001A30C7 /* AlertsAndConfirmationDialog.swift in Sources */ = {isa = PBXBuildFile; fileRef = 9EDF7F422BDD10E2001A30C7 /* AlertsAndConfirmationDialog.swift */; };
		9EDF7F462BDD1120001A30C7 /* ComposableArchitecture in Frameworks */ = {isa = PBXBuildFile; productRef = 9EDF7F452BDD1120001A30C7 /* ComposableArchitecture */; };
		9EDF7F482BDD19BA001A30C7 /* Animations.swift in Sources */ = {isa = PBXBuildFile; fileRef = 9EDF7F472BDD19BA001A30C7 /* Animations.swift */; };
/* End PBXBuildFile section */

/* Begin PBXFileReference section */
		9E0000F02BECAB63007C06DB /* LongLivingEffect.swift */ = {isa = PBXFileReference; lastKnownFileType = sourcecode.swift; path = LongLivingEffect.swift; sourceTree = "<group>"; };
		9E0000F22BECAEDB007C06DB /* Refreshable.swift */ = {isa = PBXFileReference; lastKnownFileType = sourcecode.swift; path = Refreshable.swift; sourceTree = "<group>"; };
		9E0000F42BECB585007C06DB /* Timers.swift */ = {isa = PBXFileReference; lastKnownFileType = sourcecode.swift; path = Timers.swift; sourceTree = "<group>"; };
		9E1DD9372BE1D83200DFC177 /* MultipleDestination.swift */ = {isa = PBXFileReference; lastKnownFileType = sourcecode.swift; path = MultipleDestination.swift; sourceTree = "<group>"; };
		9E1DD9392BE1DC8C00DFC177 /* NavigationStack.swift */ = {isa = PBXFileReference; lastKnownFileType = sourcecode.swift; path = NavigationStack.swift; sourceTree = "<group>"; };
		9E4473EB2BE095770028DD5B /* BindingsBasic.swift */ = {isa = PBXFileReference; lastKnownFileType = sourcecode.swift; path = BindingsBasic.swift; sourceTree = "<group>"; };
		9E4473ED2BE098AE0028DD5B /* BindingsForm.swift */ = {isa = PBXFileReference; lastKnownFileType = sourcecode.swift; path = BindingsForm.swift; sourceTree = "<group>"; };
		9E4473EF2BE09BB10028DD5B /* Counter.swift */ = {isa = PBXFileReference; lastKnownFileType = sourcecode.swift; path = Counter.swift; sourceTree = "<group>"; };
		9E4473F12BE09DBF0028DD5B /* TwoCounters.swift */ = {isa = PBXFileReference; lastKnownFileType = sourcecode.swift; path = TwoCounters.swift; sourceTree = "<group>"; };
		9E4473F32BE09FF90028DD5B /* FocusState.swift */ = {isa = PBXFileReference; lastKnownFileType = sourcecode.swift; path = FocusState.swift; sourceTree = "<group>"; };
		9E4473F52BE0A5350028DD5B /* OptionalBasics.swift */ = {isa = PBXFileReference; lastKnownFileType = sourcecode.swift; path = OptionalBasics.swift; sourceTree = "<group>"; };
		9E8A64922BE3162E0042E104 /* FactClient.swift */ = {isa = PBXFileReference; lastKnownFileType = sourcecode.swift; path = FactClient.swift; sourceTree = "<group>"; };
		9E8A64942BE322DD0042E104 /* NavigateAndLoadList.swift */ = {isa = PBXFileReference; lastKnownFileType = sourcecode.swift; path = NavigateAndLoadList.swift; sourceTree = "<group>"; };
		9E8A64962BE339900042E104 /* NavigateAndLoad.swift */ = {isa = PBXFileReference; lastKnownFileType = sourcecode.swift; path = NavigateAndLoad.swift; sourceTree = "<group>"; };
		9E9C9BC92BE85867001CFF7F /* LoadThenPresent.swift */ = {isa = PBXFileReference; lastKnownFileType = sourcecode.swift; path = LoadThenPresent.swift; sourceTree = "<group>"; };
		9E9C9BCB2BE85CFF001CFF7F /* PresentAndLoad.swift */ = {isa = PBXFileReference; lastKnownFileType = sourcecode.swift; path = PresentAndLoad.swift; sourceTree = "<group>"; };
		9E9C9BCE2BE86023001CFF7F /* EffectsBasics.swift */ = {isa = PBXFileReference; lastKnownFileType = sourcecode.swift; path = EffectsBasics.swift; sourceTree = "<group>"; };
		9E9C9BD02BE86A62001CFF7F /* EffectCancellation.swift */ = {isa = PBXFileReference; lastKnownFileType = sourcecode.swift; path = EffectCancellation.swift; sourceTree = "<group>"; };
		9E9C9BD22BE86D33001CFF7F /* Info.plist */ = {isa = PBXFileReference; lastKnownFileType = text.plist; path = Info.plist; sourceTree = "<group>"; };
		9EDF7F302BDD1043001A30C7 /* CaseStudies.app */ = {isa = PBXFileReference; explicitFileType = wrapper.application; includeInIndex = 0; path = CaseStudies.app; sourceTree = BUILT_PRODUCTS_DIR; };
		9EDF7F332BDD1043001A30C7 /* CaseStudiesApp.swift */ = {isa = PBXFileReference; lastKnownFileType = sourcecode.swift; path = CaseStudiesApp.swift; sourceTree = "<group>"; };
		9EDF7F352BDD1043001A30C7 /* RootView.swift */ = {isa = PBXFileReference; lastKnownFileType = sourcecode.swift; path = RootView.swift; sourceTree = "<group>"; };
		9EDF7F372BDD1045001A30C7 /* Assets.xcassets */ = {isa = PBXFileReference; lastKnownFileType = folder.assetcatalog; path = Assets.xcassets; sourceTree = "<group>"; };
		9EDF7F3A2BDD1045001A30C7 /* Preview Assets.xcassets */ = {isa = PBXFileReference; lastKnownFileType = folder.assetcatalog; path = "Preview Assets.xcassets"; sourceTree = "<group>"; };
		9EDF7F422BDD10E2001A30C7 /* AlertsAndConfirmationDialog.swift */ = {isa = PBXFileReference; lastKnownFileType = sourcecode.swift; path = AlertsAndConfirmationDialog.swift; sourceTree = "<group>"; };
		9EDF7F472BDD19BA001A30C7 /* Animations.swift */ = {isa = PBXFileReference; lastKnownFileType = sourcecode.swift; path = Animations.swift; sourceTree = "<group>"; };
/* End PBXFileReference section */

/* Begin PBXFrameworksBuildPhase section */
		9EDF7F2D2BDD1043001A30C7 /* Frameworks */ = {
			isa = PBXFrameworksBuildPhase;
			buildActionMask = 2147483647;
			files = (
				9EDF7F462BDD1120001A30C7 /* ComposableArchitecture in Frameworks */,
			);
			runOnlyForDeploymentPostprocessing = 0;
		};
/* End PBXFrameworksBuildPhase section */

/* Begin PBXGroup section */
		9E1DD9362BE1D81C00DFC177 /* 04-Navigation */ = {
			isa = PBXGroup;
			children = (
				9E8A64942BE322DD0042E104 /* NavigateAndLoadList.swift */,
				9E1DD9372BE1D83200DFC177 /* MultipleDestination.swift */,
				9E8A64962BE339900042E104 /* NavigateAndLoad.swift */,
				9E9C9BC92BE85867001CFF7F /* LoadThenPresent.swift */,
				9E9C9BCB2BE85CFF001CFF7F /* PresentAndLoad.swift */,
				9E1DD9392BE1DC8C00DFC177 /* NavigationStack.swift */,
			);
			path = "04-Navigation";
			sourceTree = "<group>";
		};
		9E4473EA2BE095510028DD5B /* 01-GettingStarted */ = {
			isa = PBXGroup;
			children = (
				9EDF7F422BDD10E2001A30C7 /* AlertsAndConfirmationDialog.swift */,
				9EDF7F472BDD19BA001A30C7 /* Animations.swift */,
				9E4473EB2BE095770028DD5B /* BindingsBasic.swift */,
				9E4473ED2BE098AE0028DD5B /* BindingsForm.swift */,
				9E4473EF2BE09BB10028DD5B /* Counter.swift */,
				9E4473F12BE09DBF0028DD5B /* TwoCounters.swift */,
				9E4473F32BE09FF90028DD5B /* FocusState.swift */,
				9E4473F52BE0A5350028DD5B /* OptionalBasics.swift */,
			);
			path = "01-GettingStarted";
			sourceTree = "<group>";
		};
		9E9C9BCD2BE86015001CFF7F /* 03-Effects */ = {
			isa = PBXGroup;
			children = (
				9E9C9BCE2BE86023001CFF7F /* EffectsBasics.swift */,
				9E9C9BD02BE86A62001CFF7F /* EffectCancellation.swift */,
				9E0000F02BECAB63007C06DB /* LongLivingEffect.swift */,
				9E0000F22BECAEDB007C06DB /* Refreshable.swift */,
				9E0000F42BECB585007C06DB /* Timers.swift */,
			);
			path = "03-Effects";
			sourceTree = "<group>";
		};
		9EDF7F272BDD1043001A30C7 = {
			isa = PBXGroup;
			children = (
				9EDF7F322BDD1043001A30C7 /* CaseStudies */,
				9EDF7F312BDD1043001A30C7 /* Products */,
			);
			sourceTree = "<group>";
		};
		9EDF7F312BDD1043001A30C7 /* Products */ = {
			isa = PBXGroup;
			children = (
				9EDF7F302BDD1043001A30C7 /* CaseStudies.app */,
			);
			name = Products;
			sourceTree = "<group>";
		};
		9EDF7F322BDD1043001A30C7 /* CaseStudies */ = {
			isa = PBXGroup;
			children = (
				9E9C9BD22BE86D33001CFF7F /* Info.plist */,
				9EDF7F332BDD1043001A30C7 /* CaseStudiesApp.swift */,
				9EDF7F412BDD1066001A30C7 /* Views */,
				9EDF7F372BDD1045001A30C7 /* Assets.xcassets */,
				9EDF7F392BDD1045001A30C7 /* Preview Content */,
			);
			path = CaseStudies;
			sourceTree = "<group>";
		};
		9EDF7F392BDD1045001A30C7 /* Preview Content */ = {
			isa = PBXGroup;
			children = (
				9EDF7F3A2BDD1045001A30C7 /* Preview Assets.xcassets */,
			);
			path = "Preview Content";
			sourceTree = "<group>";
		};
		9EDF7F412BDD1066001A30C7 /* Views */ = {
			isa = PBXGroup;
			children = (
				9EDF7F352BDD1043001A30C7 /* RootView.swift */,
				9E4473EA2BE095510028DD5B /* 01-GettingStarted */,
				9E9C9BCD2BE86015001CFF7F /* 03-Effects */,
				9E1DD9362BE1D81C00DFC177 /* 04-Navigation */,
				9E8A64922BE3162E0042E104 /* FactClient.swift */,
			);
			path = Views;
			sourceTree = "<group>";
		};
/* End PBXGroup section */

/* Begin PBXNativeTarget section */
		9EDF7F2F2BDD1043001A30C7 /* CaseStudies */ = {
			isa = PBXNativeTarget;
			buildConfigurationList = 9EDF7F3E2BDD1045001A30C7 /* Build configuration list for PBXNativeTarget "CaseStudies" */;
			buildPhases = (
				9EDF7F2C2BDD1043001A30C7 /* Sources */,
				9EDF7F2D2BDD1043001A30C7 /* Frameworks */,
				9EDF7F2E2BDD1043001A30C7 /* Resources */,
			);
			buildRules = (
			);
			dependencies = (
			);
			name = CaseStudies;
			packageProductDependencies = (
				9EDF7F452BDD1120001A30C7 /* ComposableArchitecture */,
			);
			productName = CaseStudies;
			productReference = 9EDF7F302BDD1043001A30C7 /* CaseStudies.app */;
			productType = "com.apple.product-type.application";
		};
/* End PBXNativeTarget section */

/* Begin PBXProject section */
		9EDF7F282BDD1043001A30C7 /* Project object */ = {
			isa = PBXProject;
			attributes = {
				BuildIndependentTargetsInParallel = 1;
				LastSwiftUpdateCheck = 1510;
				LastUpgradeCheck = 1510;
				TargetAttributes = {
					9EDF7F2F2BDD1043001A30C7 = {
						CreatedOnToolsVersion = 15.1;
					};
				};
			};
			buildConfigurationList = 9EDF7F2B2BDD1043001A30C7 /* Build configuration list for PBXProject "CaseStudies" */;
			compatibilityVersion = "Xcode 14.0";
			developmentRegion = en;
			hasScannedForEncodings = 0;
			knownRegions = (
				en,
				Base,
			);
			mainGroup = 9EDF7F272BDD1043001A30C7;
			packageReferences = (
				9EDF7F442BDD1120001A30C7 /* XCRemoteSwiftPackageReference "swift-composable-architecture" */,
			);
			productRefGroup = 9EDF7F312BDD1043001A30C7 /* Products */;
			projectDirPath = "";
			projectRoot = "";
			targets = (
				9EDF7F2F2BDD1043001A30C7 /* CaseStudies */,
			);
		};
/* End PBXProject section */

/* Begin PBXResourcesBuildPhase section */
		9EDF7F2E2BDD1043001A30C7 /* Resources */ = {
			isa = PBXResourcesBuildPhase;
			buildActionMask = 2147483647;
			files = (
				9EDF7F3B2BDD1045001A30C7 /* Preview Assets.xcassets in Resources */,
				9EDF7F382BDD1045001A30C7 /* Assets.xcassets in Resources */,
			);
			runOnlyForDeploymentPostprocessing = 0;
		};
/* End PBXResourcesBuildPhase section */

/* Begin PBXSourcesBuildPhase section */
		9EDF7F2C2BDD1043001A30C7 /* Sources */ = {
			isa = PBXSourcesBuildPhase;
			buildActionMask = 2147483647;
			files = (
				9E9C9BCF2BE86023001CFF7F /* EffectsBasics.swift in Sources */,
				9E9C9BCA2BE85867001CFF7F /* LoadThenPresent.swift in Sources */,
				9E0000F32BECAEDB007C06DB /* Refreshable.swift in Sources */,
				9E4473F62BE0A5350028DD5B /* OptionalBasics.swift in Sources */,
				9EDF7F482BDD19BA001A30C7 /* Animations.swift in Sources */,
				9E8A64972BE339900042E104 /* NavigateAndLoad.swift in Sources */,
				9E1DD9382BE1D83200DFC177 /* MultipleDestination.swift in Sources */,
				9E0000F52BECB585007C06DB /* Timers.swift in Sources */,
				9E4473F22BE09DBF0028DD5B /* TwoCounters.swift in Sources */,
				9E4473EC2BE095770028DD5B /* BindingsBasic.swift in Sources */,
				9EDF7F432BDD10E2001A30C7 /* AlertsAndConfirmationDialog.swift in Sources */,
				9E9C9BD12BE86A62001CFF7F /* EffectCancellation.swift in Sources */,
				9EDF7F362BDD1043001A30C7 /* RootView.swift in Sources */,
				9E9C9BCC2BE85CFF001CFF7F /* PresentAndLoad.swift in Sources */,
				9E8A64932BE3162E0042E104 /* FactClient.swift in Sources */,
				9E8A64952BE322DD0042E104 /* NavigateAndLoadList.swift in Sources */,
				9E4473F42BE09FF90028DD5B /* FocusState.swift in Sources */,
				9E0000F12BECAB63007C06DB /* LongLivingEffect.swift in Sources */,
				9EDF7F342BDD1043001A30C7 /* CaseStudiesApp.swift in Sources */,
				9E4473EE2BE098AE0028DD5B /* BindingsForm.swift in Sources */,
				9E1DD93A2BE1DC8C00DFC177 /* NavigationStack.swift in Sources */,
				9E4473F02BE09BB10028DD5B /* Counter.swift in Sources */,
			);
			runOnlyForDeploymentPostprocessing = 0;
		};
/* End PBXSourcesBuildPhase section */

/* Begin XCBuildConfiguration section */
		9EDF7F3C2BDD1045001A30C7 /* Debug */ = {
			isa = XCBuildConfiguration;
			buildSettings = {
				ALWAYS_SEARCH_USER_PATHS = NO;
				ASSETCATALOG_COMPILER_GENERATE_SWIFT_ASSET_SYMBOL_EXTENSIONS = YES;
				CLANG_ANALYZER_NONNULL = YES;
				CLANG_ANALYZER_NUMBER_OBJECT_CONVERSION = YES_AGGRESSIVE;
				CLANG_CXX_LANGUAGE_STANDARD = "gnu++20";
				CLANG_ENABLE_MODULES = YES;
				CLANG_ENABLE_OBJC_ARC = YES;
				CLANG_ENABLE_OBJC_WEAK = YES;
				CLANG_WARN_BLOCK_CAPTURE_AUTORELEASING = YES;
				CLANG_WARN_BOOL_CONVERSION = YES;
				CLANG_WARN_COMMA = YES;
				CLANG_WARN_CONSTANT_CONVERSION = YES;
				CLANG_WARN_DEPRECATED_OBJC_IMPLEMENTATIONS = YES;
				CLANG_WARN_DIRECT_OBJC_ISA_USAGE = YES_ERROR;
				CLANG_WARN_DOCUMENTATION_COMMENTS = YES;
				CLANG_WARN_EMPTY_BODY = YES;
				CLANG_WARN_ENUM_CONVERSION = YES;
				CLANG_WARN_INFINITE_RECURSION = YES;
				CLANG_WARN_INT_CONVERSION = YES;
				CLANG_WARN_NON_LITERAL_NULL_CONVERSION = YES;
				CLANG_WARN_OBJC_IMPLICIT_RETAIN_SELF = YES;
				CLANG_WARN_OBJC_LITERAL_CONVERSION = YES;
				CLANG_WARN_OBJC_ROOT_CLASS = YES_ERROR;
				CLANG_WARN_QUOTED_INCLUDE_IN_FRAMEWORK_HEADER = YES;
				CLANG_WARN_RANGE_LOOP_ANALYSIS = YES;
				CLANG_WARN_STRICT_PROTOTYPES = YES;
				CLANG_WARN_SUSPICIOUS_MOVE = YES;
				CLANG_WARN_UNGUARDED_AVAILABILITY = YES_AGGRESSIVE;
				CLANG_WARN_UNREACHABLE_CODE = YES;
				CLANG_WARN__DUPLICATE_METHOD_MATCH = YES;
				COPY_PHASE_STRIP = NO;
				DEBUG_INFORMATION_FORMAT = dwarf;
				ENABLE_STRICT_OBJC_MSGSEND = YES;
				ENABLE_TESTABILITY = YES;
				ENABLE_USER_SCRIPT_SANDBOXING = YES;
				GCC_C_LANGUAGE_STANDARD = gnu17;
				GCC_DYNAMIC_NO_PIC = NO;
				GCC_NO_COMMON_BLOCKS = YES;
				GCC_OPTIMIZATION_LEVEL = 0;
				GCC_PREPROCESSOR_DEFINITIONS = (
					"DEBUG=1",
					"$(inherited)",
				);
				GCC_WARN_64_TO_32_BIT_CONVERSION = YES;
				GCC_WARN_ABOUT_RETURN_TYPE = YES_ERROR;
				GCC_WARN_UNDECLARED_SELECTOR = YES;
				GCC_WARN_UNINITIALIZED_AUTOS = YES_AGGRESSIVE;
				GCC_WARN_UNUSED_FUNCTION = YES;
				GCC_WARN_UNUSED_VARIABLE = YES;
				IPHONEOS_DEPLOYMENT_TARGET = 17.2;
				LOCALIZATION_PREFERS_STRING_CATALOGS = YES;
				MTL_ENABLE_DEBUG_INFO = INCLUDE_SOURCE;
				MTL_FAST_MATH = YES;
				ONLY_ACTIVE_ARCH = YES;
				SDKROOT = iphoneos;
				SWIFT_ACTIVE_COMPILATION_CONDITIONS = "DEBUG $(inherited)";
				SWIFT_OPTIMIZATION_LEVEL = "-Onone";
			};
			name = Debug;
		};
		9EDF7F3D2BDD1045001A30C7 /* Release */ = {
			isa = XCBuildConfiguration;
			buildSettings = {
				ALWAYS_SEARCH_USER_PATHS = NO;
				ASSETCATALOG_COMPILER_GENERATE_SWIFT_ASSET_SYMBOL_EXTENSIONS = YES;
				CLANG_ANALYZER_NONNULL = YES;
				CLANG_ANALYZER_NUMBER_OBJECT_CONVERSION = YES_AGGRESSIVE;
				CLANG_CXX_LANGUAGE_STANDARD = "gnu++20";
				CLANG_ENABLE_MODULES = YES;
				CLANG_ENABLE_OBJC_ARC = YES;
				CLANG_ENABLE_OBJC_WEAK = YES;
				CLANG_WARN_BLOCK_CAPTURE_AUTORELEASING = YES;
				CLANG_WARN_BOOL_CONVERSION = YES;
				CLANG_WARN_COMMA = YES;
				CLANG_WARN_CONSTANT_CONVERSION = YES;
				CLANG_WARN_DEPRECATED_OBJC_IMPLEMENTATIONS = YES;
				CLANG_WARN_DIRECT_OBJC_ISA_USAGE = YES_ERROR;
				CLANG_WARN_DOCUMENTATION_COMMENTS = YES;
				CLANG_WARN_EMPTY_BODY = YES;
				CLANG_WARN_ENUM_CONVERSION = YES;
				CLANG_WARN_INFINITE_RECURSION = YES;
				CLANG_WARN_INT_CONVERSION = YES;
				CLANG_WARN_NON_LITERAL_NULL_CONVERSION = YES;
				CLANG_WARN_OBJC_IMPLICIT_RETAIN_SELF = YES;
				CLANG_WARN_OBJC_LITERAL_CONVERSION = YES;
				CLANG_WARN_OBJC_ROOT_CLASS = YES_ERROR;
				CLANG_WARN_QUOTED_INCLUDE_IN_FRAMEWORK_HEADER = YES;
				CLANG_WARN_RANGE_LOOP_ANALYSIS = YES;
				CLANG_WARN_STRICT_PROTOTYPES = YES;
				CLANG_WARN_SUSPICIOUS_MOVE = YES;
				CLANG_WARN_UNGUARDED_AVAILABILITY = YES_AGGRESSIVE;
				CLANG_WARN_UNREACHABLE_CODE = YES;
				CLANG_WARN__DUPLICATE_METHOD_MATCH = YES;
				COPY_PHASE_STRIP = NO;
				DEBUG_INFORMATION_FORMAT = "dwarf-with-dsym";
				ENABLE_NS_ASSERTIONS = NO;
				ENABLE_STRICT_OBJC_MSGSEND = YES;
				ENABLE_USER_SCRIPT_SANDBOXING = YES;
				GCC_C_LANGUAGE_STANDARD = gnu17;
				GCC_NO_COMMON_BLOCKS = YES;
				GCC_WARN_64_TO_32_BIT_CONVERSION = YES;
				GCC_WARN_ABOUT_RETURN_TYPE = YES_ERROR;
				GCC_WARN_UNDECLARED_SELECTOR = YES;
				GCC_WARN_UNINITIALIZED_AUTOS = YES_AGGRESSIVE;
				GCC_WARN_UNUSED_FUNCTION = YES;
				GCC_WARN_UNUSED_VARIABLE = YES;
				IPHONEOS_DEPLOYMENT_TARGET = 17.2;
				LOCALIZATION_PREFERS_STRING_CATALOGS = YES;
				MTL_ENABLE_DEBUG_INFO = NO;
				MTL_FAST_MATH = YES;
				SDKROOT = iphoneos;
				SWIFT_COMPILATION_MODE = wholemodule;
				VALIDATE_PRODUCT = YES;
			};
			name = Release;
		};
		9EDF7F3F2BDD1045001A30C7 /* Debug */ = {
			isa = XCBuildConfiguration;
			buildSettings = {
				ASSETCATALOG_COMPILER_APPICON_NAME = AppIcon;
				ASSETCATALOG_COMPILER_GLOBAL_ACCENT_COLOR_NAME = AccentColor;
				CODE_SIGN_STYLE = Automatic;
				CURRENT_PROJECT_VERSION = 1;
				DEVELOPMENT_ASSET_PATHS = "\"CaseStudies/Preview Content\"";
				DEVELOPMENT_TEAM = 4DQM269FVB;
				ENABLE_PREVIEWS = YES;
				GENERATE_INFOPLIST_FILE = YES;
				INFOPLIST_FILE = CaseStudies/Info.plist;
				INFOPLIST_KEY_UIApplicationSceneManifest_Generation = YES;
				INFOPLIST_KEY_UIApplicationSupportsIndirectInputEvents = YES;
				INFOPLIST_KEY_UILaunchScreen_Generation = YES;
				INFOPLIST_KEY_UISupportedInterfaceOrientations_iPad = "UIInterfaceOrientationPortrait UIInterfaceOrientationPortraitUpsideDown UIInterfaceOrientationLandscapeLeft UIInterfaceOrientationLandscapeRight";
				INFOPLIST_KEY_UISupportedInterfaceOrientations_iPhone = "UIInterfaceOrientationPortrait UIInterfaceOrientationLandscapeLeft UIInterfaceOrientationLandscapeRight";
				LD_RUNPATH_SEARCH_PATHS = (
					"$(inherited)",
					"@executable_path/Frameworks",
				);
				MARKETING_VERSION = 1.0;
				PRODUCT_BUNDLE_IDENTIFIER = "com.kunwoo-kim.CaseStudies";
				PRODUCT_NAME = "$(TARGET_NAME)";
				SWIFT_EMIT_LOC_STRINGS = YES;
				SWIFT_VERSION = 5.0;
				TARGETED_DEVICE_FAMILY = "1,2";
			};
			name = Debug;
		};
		9EDF7F402BDD1045001A30C7 /* Release */ = {
			isa = XCBuildConfiguration;
			buildSettings = {
				ASSETCATALOG_COMPILER_APPICON_NAME = AppIcon;
				ASSETCATALOG_COMPILER_GLOBAL_ACCENT_COLOR_NAME = AccentColor;
				CODE_SIGN_STYLE = Automatic;
				CURRENT_PROJECT_VERSION = 1;
				DEVELOPMENT_ASSET_PATHS = "\"CaseStudies/Preview Content\"";
				DEVELOPMENT_TEAM = 4DQM269FVB;
				ENABLE_PREVIEWS = YES;
				GENERATE_INFOPLIST_FILE = YES;
				INFOPLIST_FILE = CaseStudies/Info.plist;
				INFOPLIST_KEY_UIApplicationSceneManifest_Generation = YES;
				INFOPLIST_KEY_UIApplicationSupportsIndirectInputEvents = YES;
				INFOPLIST_KEY_UILaunchScreen_Generation = YES;
				INFOPLIST_KEY_UISupportedInterfaceOrientations_iPad = "UIInterfaceOrientationPortrait UIInterfaceOrientationPortraitUpsideDown UIInterfaceOrientationLandscapeLeft UIInterfaceOrientationLandscapeRight";
				INFOPLIST_KEY_UISupportedInterfaceOrientations_iPhone = "UIInterfaceOrientationPortrait UIInterfaceOrientationLandscapeLeft UIInterfaceOrientationLandscapeRight";
				LD_RUNPATH_SEARCH_PATHS = (
					"$(inherited)",
					"@executable_path/Frameworks",
				);
				MARKETING_VERSION = 1.0;
				PRODUCT_BUNDLE_IDENTIFIER = "com.kunwoo-kim.CaseStudies";
				PRODUCT_NAME = "$(TARGET_NAME)";
				SWIFT_EMIT_LOC_STRINGS = YES;
				SWIFT_VERSION = 5.0;
				TARGETED_DEVICE_FAMILY = "1,2";
			};
			name = Release;
		};
/* End XCBuildConfiguration section */

/* Begin XCConfigurationList section */
		9EDF7F2B2BDD1043001A30C7 /* Build configuration list for PBXProject "CaseStudies" */ = {
			isa = XCConfigurationList;
			buildConfigurations = (
				9EDF7F3C2BDD1045001A30C7 /* Debug */,
				9EDF7F3D2BDD1045001A30C7 /* Release */,
			);
			defaultConfigurationIsVisible = 0;
			defaultConfigurationName = Release;
		};
		9EDF7F3E2BDD1045001A30C7 /* Build configuration list for PBXNativeTarget "CaseStudies" */ = {
			isa = XCConfigurationList;
			buildConfigurations = (
				9EDF7F3F2BDD1045001A30C7 /* Debug */,
				9EDF7F402BDD1045001A30C7 /* Release */,
			);
			defaultConfigurationIsVisible = 0;
			defaultConfigurationName = Release;
		};
/* End XCConfigurationList section */

/* Begin XCRemoteSwiftPackageReference section */
		9EDF7F442BDD1120001A30C7 /* XCRemoteSwiftPackageReference "swift-composable-architecture" */ = {
			isa = XCRemoteSwiftPackageReference;
			repositoryURL = "https://github.com/pointfreeco/swift-composable-architecture";
			requirement = {
				kind = upToNextMajorVersion;
				minimumVersion = 1.9.3;
			};
		};
/* End XCRemoteSwiftPackageReference section */

/* Begin XCSwiftPackageProductDependency section */
		9EDF7F452BDD1120001A30C7 /* ComposableArchitecture */ = {
			isa = XCSwiftPackageProductDependency;
			package = 9EDF7F442BDD1120001A30C7 /* XCRemoteSwiftPackageReference "swift-composable-architecture" */;
			productName = ComposableArchitecture;
		};
/* End XCSwiftPackageProductDependency section */
	};
	rootObject = 9EDF7F282BDD1043001A30C7 /* Project object */;
}
